
Microsoft Visual Studio Solution File, Format Version 12.00
# Visual Studio Version 17
VisualStudioVersion = 17.14.36414.22 d17.14
MinimumVisualStudioVersion = 10.0.40219.1
Project("{FAE04EC0-301F-11D3-BF4B-00C04F79EFBC}") = "MauiApp1", "MauiApp1\MauiApp1.csproj", "{4FEA0E16-6AA0-4CF8-9077-C627D78F3767}"
EndProject
Global
	GlobalSection(SolutionConfigurationPlatforms) = preSolution
		Debug|Any CPU = Debug|Any CPU
		Release|Any CPU = Release|Any CPU
	EndGlobalSection
	GlobalSection(ProjectConfigurationPlatforms) = postSolution
		{4FEA0E16-6AA0-4CF8-9077-C627D78F3767}.Debug|Any CPU.ActiveCfg = Debug|Any CPU
		{4FEA0E16-6AA0-4CF8-9077-C627D78F3767}.Debug|Any CPU.Build.0 = Debug|Any CPU
		{4FEA0E16-6AA0-4CF8-9077-C627D78F3767}.Release|Any CPU.ActiveCfg = Release|Any CPU
		{4FEA0E16-6AA0-4CF8-9077-C627D78F3767}.Release|Any CPU.Build.0 = Release|Any CPU
	EndGlobalSection
	GlobalSection(SolutionProperties) = preSolution
		HideSolutionNode = FALSE
	EndGlobalSection
	GlobalSection(ExtensibilityGlobals) = postSolution
		SolutionGuid = {6F0FB3D1-B380-4896-86DE-7695378B31CB}
	EndGlobalSection
EndGlobal
